// !$*UTF8*$!
{
	archiveVersion = 1;
	classes = {
	};
	objectVersion = 77;
	objects = {

/* Begin PBXContainerItemProxy section */
		F6FA90E92CF3A37900EAF99E /* PBXContainerItemProxy */ = {
			isa = PBXContainerItemProxy;
			containerPortal = F6FA90D02CF3A37700EAF99E /* Project object */;
			proxyType = 1;
			remoteGlobalIDString = F6FA90D72CF3A37700EAF99E;
			remoteInfo = QapitalStocks;
		};
		F6FA90F32CF3A37900EAF99E /* PBXContainerItemProxy */ = {
			isa = PBXContainerItemProxy;
			containerPortal = F6FA90D02CF3A37700EAF99E /* Project object */;
			proxyType = 1;
			remoteGlobalIDString = F6FA90D72CF3A37700EAF99E;
			remoteInfo = QapitalStocks;
		};
/* End PBXContainerItemProxy section */

/* Begin PBXFileReference section */
		F6FA90D82CF3A37700EAF99E /* QapitalStocks.app */ = {isa = PBXFileReference; explicitFileType = wrapper.application; includeInIndex = 0; path = QapitalStocks.app; sourceTree = BUILT_PRODUCTS_DIR; };
		F6FA90E82CF3A37900EAF99E /* QapitalStocksTests.xctest */ = {isa = PBXFileReference; explicitFileType = wrapper.cfbundle; includeInIndex = 0; path = QapitalStocksTests.xctest; sourceTree = BUILT_PRODUCTS_DIR; };
		F6FA90F22CF3A37900EAF99E /* QapitalStocksUITests.xctest */ = {isa = PBXFileReference; explicitFileType = wrapper.cfbundle; includeInIndex = 0; path = QapitalStocksUITests.xctest; sourceTree = BUILT_PRODUCTS_DIR; };
		F6FA910D2CF3C68700EAF99E /* Readme.md */ = {isa = PBXFileReference; lastKnownFileType = net.daringfireball.markdown; path = Readme.md; sourceTree = "<group>"; };
/* End PBXFileReference section */

/* Begin PBXFileSystemSynchronizedBuildFileExceptionSet section */
		F6FA91B92D0612EA00EAF99E /* Exceptions for "QapitalStocks" folder in "QapitalStocks" target */ = {
			isa = PBXFileSystemSynchronizedBuildFileExceptionSet;
			membershipExceptions = (
				Resources/stocks_big.json,
			);
			target = F6FA90D72CF3A37700EAF99E /* QapitalStocks */;
		};
/* End PBXFileSystemSynchronizedBuildFileExceptionSet section */

/* Begin PBXFileSystemSynchronizedRootGroup section */
		F6FA90DA2CF3A37700EAF99E /* QapitalStocks */ = {
			isa = PBXFileSystemSynchronizedRootGroup;
			exceptions = (
				F6FA91B92D0612EA00EAF99E /* Exceptions for "QapitalStocks" folder in "QapitalStocks" target */,
			);
			path = QapitalStocks;
			sourceTree = "<group>";
		};
		F6FA90EB2CF3A37900EAF99E /* QapitalStocksTests */ = {
			isa = PBXFileSystemSynchronizedRootGroup;
			path = QapitalStocksTests;
			sourceTree = "<group>";
		};
		F6FA90F52CF3A37900EAF99E /* QapitalStocksUITests */ = {
			isa = PBXFileSystemSynchronizedRootGroup;
			path = QapitalStocksUITests;
			sourceTree = "<group>";
		};
/* End PBXFileSystemSynchronizedRootGroup section */

/* Begin PBXFrameworksBuildPhase section */
		F6FA90D52CF3A37700EAF99E /* Frameworks */ = {
			isa = PBXFrameworksBuildPhase;
			buildActionMask = 2147483647;
			files = (
			);
			runOnlyForDeploymentPostprocessing = 0;
		};
		F6FA90E52CF3A37900EAF99E /* Frameworks */ = {
			isa = PBXFrameworksBuildPhase;
			buildActionMask = 2147483647;
			files = (
			);
			runOnlyForDeploymentPostprocessing = 0;
		};
		F6FA90EF2CF3A37900EAF99E /* Frameworks */ = {
			isa = PBXFrameworksBuildPhase;
			buildActionMask = 2147483647;
			files = (
			);
			runOnlyForDeploymentPostprocessing = 0;
		};
/* End PBXFrameworksBuildPhase section */

/* Begin PBXGroup section */
		F6FA90CF2CF3A37700EAF99E = {
			isa = PBXGroup;
			children = (
				F6FA910D2CF3C68700EAF99E /* Readme.md */,
				F6FA90DA2CF3A37700EAF99E /* QapitalStocks */,
				F6FA90EB2CF3A37900EAF99E /* QapitalStocksTests */,
				F6FA90F52CF3A37900EAF99E /* QapitalStocksUITests */,
				F6FA90D92CF3A37700EAF99E /* Products */,
			);
			sourceTree = "<group>";
		};
		F6FA90D92CF3A37700EAF99E /* Products */ = {
			isa = PBXGroup;
			children = (
				F6FA90D82CF3A37700EAF99E /* QapitalStocks.app */,
				F6FA90E82CF3A37900EAF99E /* QapitalStocksTests.xctest */,
				F6FA90F22CF3A37900EAF99E /* QapitalStocksUITests.xctest */,
			);
			name = Products;
			sourceTree = "<group>";
		};
/* End PBXGroup section */

/* Begin PBXNativeTarget section */
		F6FA90D72CF3A37700EAF99E /* QapitalStocks */ = {
			isa = PBXNativeTarget;
			buildConfigurationList = F6FA90FC2CF3A37900EAF99E /* Build configuration list for PBXNativeTarget "QapitalStocks" */;
			buildPhases = (
				F6FA90D42CF3A37700EAF99E /* Sources */,
				F6FA90D52CF3A37700EAF99E /* Frameworks */,
				F6FA90D62CF3A37700EAF99E /* Resources */,
			);
			buildRules = (
			);
			dependencies = (
			);
			fileSystemSynchronizedGroups = (
				F6FA90DA2CF3A37700EAF99E /* QapitalStocks */,
			);
			name = QapitalStocks;
			packageProductDependencies = (
			);
			productName = QapitalStocks;
			productReference = F6FA90D82CF3A37700EAF99E /* QapitalStocks.app */;
			productType = "com.apple.product-type.application";
		};
		F6FA90E72CF3A37900EAF99E /* QapitalStocksTests */ = {
			isa = PBXNativeTarget;
			buildConfigurationList = F6FA90FF2CF3A37900EAF99E /* Build configuration list for PBXNativeTarget "QapitalStocksTests" */;
			buildPhases = (
				F6FA90E42CF3A37900EAF99E /* Sources */,
				F6FA90E52CF3A37900EAF99E /* Frameworks */,
				F6FA90E62CF3A37900EAF99E /* Resources */,
			);
			buildRules = (
			);
			dependencies = (
				F6FA90EA2CF3A37900EAF99E /* PBXTargetDependency */,
			);
			fileSystemSynchronizedGroups = (
				F6FA90EB2CF3A37900EAF99E /* QapitalStocksTests */,
			);
			name = QapitalStocksTests;
			packageProductDependencies = (
			);
			productName = QapitalStocksTests;
			productReference = F6FA90E82CF3A37900EAF99E /* QapitalStocksTests.xctest */;
			productType = "com.apple.product-type.bundle.unit-test";
		};
		F6FA90F12CF3A37900EAF99E /* QapitalStocksUITests */ = {
			isa = PBXNativeTarget;
			buildConfigurationList = F6FA91022CF3A37900EAF99E /* Build configuration list for PBXNativeTarget "QapitalStocksUITests" */;
			buildPhases = (
				F6FA90EE2CF3A37900EAF99E /* Sources */,
				F6FA90EF2CF3A37900EAF99E /* Frameworks */,
				F6FA90F02CF3A37900EAF99E /* Resources */,
			);
			buildRules = (
			);
			dependencies = (
				F6FA90F42CF3A37900EAF99E /* PBXTargetDependency */,
			);
			fileSystemSynchronizedGroups = (
				F6FA90F52CF3A37900EAF99E /* QapitalStocksUITests */,
			);
			name = QapitalStocksUITests;
			packageProductDependencies = (
			);
			productName = QapitalStocksUITests;
			productReference = F6FA90F22CF3A37900EAF99E /* QapitalStocksUITests.xctest */;
			productType = "com.apple.product-type.bundle.ui-testing";
		};
/* End PBXNativeTarget section */

/* Begin PBXProject section */
		F6FA90D02CF3A37700EAF99E /* Project object */ = {
			isa = PBXProject;
			attributes = {
				BuildIndependentTargetsInParallel = 1;
				LastSwiftUpdateCheck = 1610;
				LastUpgradeCheck = 1610;
				TargetAttributes = {
					F6FA90D72CF3A37700EAF99E = {
						CreatedOnToolsVersion = 16.1;
					};
					F6FA90E72CF3A37900EAF99E = {
						CreatedOnToolsVersion = 16.1;
						TestTargetID = F6FA90D72CF3A37700EAF99E;
					};
					F6FA90F12CF3A37900EAF99E = {
						CreatedOnToolsVersion = 16.1;
						TestTargetID = F6FA90D72CF3A37700EAF99E;
					};
				};
			};
			buildConfigurationList = F6FA90D32CF3A37700EAF99E /* Build configuration list for PBXProject "QapitalStocks" */;
			developmentRegion = en;
			hasScannedForEncodings = 0;
			knownRegions = (
				en,
				Base,
			);
			mainGroup = F6FA90CF2CF3A37700EAF99E;
			minimizedProjectReferenceProxies = 1;
			preferredProjectObjectVersion = 77;
			productRefGroup = F6FA90D92CF3A37700EAF99E /* Products */;
			projectDirPath = "";
			projectRoot = "";
			targets = (
				F6FA90D72CF3A37700EAF99E /* QapitalStocks */,
				F6FA90E72CF3A37900EAF99E /* QapitalStocksTests */,
				F6FA90F12CF3A37900EAF99E /* QapitalStocksUITests */,
			);
		};
/* End PBXProject section */

/* Begin PBXResourcesBuildPhase section */
		F6FA90D62CF3A37700EAF99E /* Resources */ = {
			isa = PBXResourcesBuildPhase;
			buildActionMask = 2147483647;
			files = (
			);
			runOnlyForDeploymentPostprocessing = 0;
		};
		F6FA90E62CF3A37900EAF99E /* Resources */ = {
			isa = PBXResourcesBuildPhase;
			buildActionMask = 2147483647;
			files = (
			);
			runOnlyForDeploymentPostprocessing = 0;
		};
		F6FA90F02CF3A37900EAF99E /* Resources */ = {
			isa = PBXResourcesBuildPhase;
			buildActionMask = 2147483647;
			files = (
			);
			runOnlyForDeploymentPostprocessing = 0;
		};
/* End PBXResourcesBuildPhase section */

/* Begin PBXSourcesBuildPhase section */
		F6FA90D42CF3A37700EAF99E /* Sources */ = {
			isa = PBXSourcesBuildPhase;
			buildActionMask = 2147483647;
			files = (
			);
			runOnlyForDeploymentPostprocessing = 0;
		};
		F6FA90E42CF3A37900EAF99E /* Sources */ = {
			isa = PBXSourcesBuildPhase;
			buildActionMask = 2147483647;
			files = (
			);
			runOnlyForDeploymentPostprocessing = 0;
		};
		F6FA90EE2CF3A37900EAF99E /* Sources */ = {
			isa = PBXSourcesBuildPhase;
			buildActionMask = 2147483647;
			files = (
			);
			runOnlyForDeploymentPostprocessing = 0;
		};
/* End PBXSourcesBuildPhase section */

/* Begin PBXTargetDependency section */
		F6FA90EA2CF3A37900EAF99E /* PBXTargetDependency */ = {
			isa = PBXTargetDependency;
			target = F6FA90D72CF3A37700EAF99E /* QapitalStocks */;
			targetProxy = F6FA90E92CF3A37900EAF99E /* PBXContainerItemProxy */;
		};
		F6FA90F42CF3A37900EAF99E /* PBXTargetDependency */ = {
			isa = PBXTargetDependency;
			target = F6FA90D72CF3A37700EAF99E /* QapitalStocks */;
			targetProxy = F6FA90F32CF3A37900EAF99E /* PBXContainerItemProxy */;
		};
/* End PBXTargetDependency section */

/* Begin XCBuildConfiguration section */
		F6FA90FA2CF3A37900EAF99E /* Debug */ = {
			isa = XCBuildConfiguration;
			buildSettings = {
				ALWAYS_SEARCH_USER_PATHS = NO;
				ASSETCATALOG_COMPILER_GENERATE_SWIFT_ASSET_SYMBOL_EXTENSIONS = YES;
				CLANG_ANALYZER_NONNULL = YES;
				CLANG_ANALYZER_NUMBER_OBJECT_CONVERSION = YES_AGGRESSIVE;
				CLANG_CXX_LANGUAGE_STANDARD = "gnu++20";
				CLANG_ENABLE_MODULES = YES;
				CLANG_ENABLE_OBJC_ARC = YES;
				CLANG_ENABLE_OBJC_WEAK = YES;
				CLANG_WARN_BLOCK_CAPTURE_AUTORELEASING = YES;
				CLANG_WARN_BOOL_CONVERSION = YES;
				CLANG_WARN_COMMA = YES;
				CLANG_WARN_CONSTANT_CONVERSION = YES;
				CLANG_WARN_DEPRECATED_OBJC_IMPLEMENTATIONS = YES;
				CLANG_WARN_DIRECT_OBJC_ISA_USAGE = YES_ERROR;
				CLANG_WARN_DOCUMENTATION_COMMENTS = YES;
				CLANG_WARN_EMPTY_BODY = YES;
				CLANG_WARN_ENUM_CONVERSION = YES;
				CLANG_WARN_INFINITE_RECURSION = YES;
				CLANG_WARN_INT_CONVERSION = YES;
				CLANG_WARN_NON_LITERAL_NULL_CONVERSION = YES;
				CLANG_WARN_OBJC_IMPLICIT_RETAIN_SELF = YES;
				CLANG_WARN_OBJC_LITERAL_CONVERSION = YES;
				CLANG_WARN_OBJC_ROOT_CLASS = YES_ERROR;
				CLANG_WARN_QUOTED_INCLUDE_IN_FRAMEWORK_HEADER = YES;
				CLANG_WARN_RANGE_LOOP_ANALYSIS = YES;
				CLANG_WARN_STRICT_PROTOTYPES = YES;
				CLANG_WARN_SUSPICIOUS_MOVE = YES;
				CLANG_WARN_UNGUARDED_AVAILABILITY = YES_AGGRESSIVE;
				CLANG_WARN_UNREACHABLE_CODE = YES;
				CLANG_WARN__DUPLICATE_METHOD_MATCH = YES;
				COPY_PHASE_STRIP = NO;
				DEBUG_INFORMATION_FORMAT = dwarf;
				ENABLE_STRICT_OBJC_MSGSEND = YES;
				ENABLE_TESTABILITY = YES;
				ENABLE_USER_SCRIPT_SANDBOXING = YES;
				GCC_C_LANGUAGE_STANDARD = gnu17;
				GCC_DYNAMIC_NO_PIC = NO;
				GCC_NO_COMMON_BLOCKS = YES;
				GCC_OPTIMIZATION_LEVEL = 0;
				GCC_PREPROCESSOR_DEFINITIONS = (
					"DEBUG=1",
					"$(inherited)",
				);
				GCC_WARN_64_TO_32_BIT_CONVERSION = YES;
				GCC_WARN_ABOUT_RETURN_TYPE = YES_ERROR;
				GCC_WARN_UNDECLARED_SELECTOR = YES;
				GCC_WARN_UNINITIALIZED_AUTOS = YES_AGGRESSIVE;
				GCC_WARN_UNUSED_FUNCTION = YES;
				GCC_WARN_UNUSED_VARIABLE = YES;
				IPHONEOS_DEPLOYMENT_TARGET = 16.6;
				LOCALIZATION_PREFERS_STRING_CATALOGS = YES;
				MTL_ENABLE_DEBUG_INFO = INCLUDE_SOURCE;
				MTL_FAST_MATH = YES;
				ONLY_ACTIVE_ARCH = YES;
				SDKROOT = iphoneos;
				SWIFT_ACTIVE_COMPILATION_CONDITIONS = "DEBUG $(inherited)";
				SWIFT_OPTIMIZATION_LEVEL = "-Onone";
			};
			name = Debug;
		};
		F6FA90FB2CF3A37900EAF99E /* Release */ = {
			isa = XCBuildConfiguration;
			buildSettings = {
				ALWAYS_SEARCH_USER_PATHS = NO;
				ASSETCATALOG_COMPILER_GENERATE_SWIFT_ASSET_SYMBOL_EXTENSIONS = YES;
				CLANG_ANALYZER_NONNULL = YES;
				CLANG_ANALYZER_NUMBER_OBJECT_CONVERSION = YES_AGGRESSIVE;
				CLANG_CXX_LANGUAGE_STANDARD = "gnu++20";
				CLANG_ENABLE_MODULES = YES;
				CLANG_ENABLE_OBJC_ARC = YES;
				CLANG_ENABLE_OBJC_WEAK = YES;
				CLANG_WARN_BLOCK_CAPTURE_AUTORELEASING = YES;
				CLANG_WARN_BOOL_CONVERSION = YES;
				CLANG_WARN_COMMA = YES;
				CLANG_WARN_CONSTANT_CONVERSION = YES;
				CLANG_WARN_DEPRECATED_OBJC_IMPLEMENTATIONS = YES;
				CLANG_WARN_DIRECT_OBJC_ISA_USAGE = YES_ERROR;
				CLANG_WARN_DOCUMENTATION_COMMENTS = YES;
				CLANG_WARN_EMPTY_BODY = YES;
				CLANG_WARN_ENUM_CONVERSION = YES;
				CLANG_WARN_INFINITE_RECURSION = YES;
				CLANG_WARN_INT_CONVERSION = YES;
				CLANG_WARN_NON_LITERAL_NULL_CONVERSION = YES;
				CLANG_WARN_OBJC_IMPLICIT_RETAIN_SELF = YES;
				CLANG_WARN_OBJC_LITERAL_CONVERSION = YES;
				CLANG_WARN_OBJC_ROOT_CLASS = YES_ERROR;
				CLANG_WARN_QUOTED_INCLUDE_IN_FRAMEWORK_HEADER = YES;
				CLANG_WARN_RANGE_LOOP_ANALYSIS = YES;
				CLANG_WARN_STRICT_PROTOTYPES = YES;
				CLANG_WARN_SUSPICIOUS_MOVE = YES;
				CLANG_WARN_UNGUARDED_AVAILABILITY = YES_AGGRESSIVE;
				CLANG_WARN_UNREACHABLE_CODE = YES;
				CLANG_WARN__DUPLICATE_METHOD_MATCH = YES;
				COPY_PHASE_STRIP = NO;
				DEBUG_INFORMATION_FORMAT = "dwarf-with-dsym";
				ENABLE_NS_ASSERTIONS = NO;
				ENABLE_STRICT_OBJC_MSGSEND = YES;
				ENABLE_USER_SCRIPT_SANDBOXING = YES;
				GCC_C_LANGUAGE_STANDARD = gnu17;
				GCC_NO_COMMON_BLOCKS = YES;
				GCC_WARN_64_TO_32_BIT_CONVERSION = YES;
				GCC_WARN_ABOUT_RETURN_TYPE = YES_ERROR;
				GCC_WARN_UNDECLARED_SELECTOR = YES;
				GCC_WARN_UNINITIALIZED_AUTOS = YES_AGGRESSIVE;
				GCC_WARN_UNUSED_FUNCTION = YES;
				GCC_WARN_UNUSED_VARIABLE = YES;
				IPHONEOS_DEPLOYMENT_TARGET = 16.6;
				LOCALIZATION_PREFERS_STRING_CATALOGS = YES;
				MTL_ENABLE_DEBUG_INFO = NO;
				MTL_FAST_MATH = YES;
				SDKROOT = iphoneos;
				SWIFT_COMPILATION_MODE = wholemodule;
				VALIDATE_PRODUCT = YES;
			};
			name = Release;
		};
		F6FA90FD2CF3A37900EAF99E /* Debug */ = {
			isa = XCBuildConfiguration;
			buildSettings = {
				ASSETCATALOG_COMPILER_APPICON_NAME = AppIcon;
				ASSETCATALOG_COMPILER_GLOBAL_ACCENT_COLOR_NAME = AccentColor;
				CODE_SIGN_STYLE = Automatic;
				CURRENT_PROJECT_VERSION = 1;
				DEVELOPMENT_ASSET_PATHS = "\"QapitalStocks/Preview Content\"";
				ENABLE_PREVIEWS = YES;
				GENERATE_INFOPLIST_FILE = YES;
				INFOPLIST_KEY_UIApplicationSceneManifest_Generation = YES;
				INFOPLIST_KEY_UIApplicationSupportsIndirectInputEvents = YES;
				INFOPLIST_KEY_UILaunchScreen_Generation = YES;
				INFOPLIST_KEY_UISupportedInterfaceOrientations_iPad = "UIInterfaceOrientationPortrait UIInterfaceOrientationPortraitUpsideDown UIInterfaceOrientationLandscapeLeft UIInterfaceOrientationLandscapeRight";
				INFOPLIST_KEY_UISupportedInterfaceOrientations_iPhone = "UIInterfaceOrientationPortrait UIInterfaceOrientationLandscapeLeft UIInterfaceOrientationLandscapeRight";
				LD_RUNPATH_SEARCH_PATHS = (
					"$(inherited)",
					"@executable_path/Frameworks",
				);
				MARKETING_VERSION = 1.0;
				PRODUCT_BUNDLE_IDENTIFIER = x.QapitalStocks;
				PRODUCT_NAME = "$(TARGET_NAME)";
				SWIFT_EMIT_LOC_STRINGS = YES;
				SWIFT_VERSION = 5.0;
				TARGETED_DEVICE_FAMILY = "1,2";
			};
			name = Debug;
		};
		F6FA90FE2CF3A37900EAF99E /* Release */ = {
			isa = XCBuildConfiguration;
			buildSettings = {
				ASSETCATALOG_COMPILER_APPICON_NAME = AppIcon;
				ASSETCATALOG_COMPILER_GLOBAL_ACCENT_COLOR_NAME = AccentColor;
				CODE_SIGN_STYLE = Automatic;
				CURRENT_PROJECT_VERSION = 1;
				DEVELOPMENT_ASSET_PATHS = "\"QapitalStocks/Preview Content\"";
				ENABLE_PREVIEWS = YES;
				GENERATE_INFOPLIST_FILE = YES;
				INFOPLIST_KEY_UIApplicationSceneManifest_Generation = YES;
				INFOPLIST_KEY_UIApplicationSupportsIndirectInputEvents = YES;
				INFOPLIST_KEY_UILaunchScreen_Generation = YES;
				INFOPLIST_KEY_UISupportedInterfaceOrientations_iPad = "UIInterfaceOrientationPortrait UIInterfaceOrientationPortraitUpsideDown UIInterfaceOrientationLandscapeLeft UIInterfaceOrientationLandscapeRight";
				INFOPLIST_KEY_UISupportedInterfaceOrientations_iPhone = "UIInterfaceOrientationPortrait UIInterfaceOrientationLandscapeLeft UIInterfaceOrientationLandscapeRight";
				LD_RUNPATH_SEARCH_PATHS = (
					"$(inherited)",
					"@executable_path/Frameworks",
				);
				MARKETING_VERSION = 1.0;
				PRODUCT_BUNDLE_IDENTIFIER = x.QapitalStocks;
				PRODUCT_NAME = "$(TARGET_NAME)";
				SWIFT_EMIT_LOC_STRINGS = YES;
				SWIFT_VERSION = 5.0;
				TARGETED_DEVICE_FAMILY = "1,2";
			};
			name = Release;
		};
		F6FA91002CF3A37900EAF99E /* Debug */ = {
			isa = XCBuildConfiguration;
			buildSettings = {
				BUNDLE_LOADER = "$(TEST_HOST)";
				CODE_SIGN_STYLE = Automatic;
				CURRENT_PROJECT_VERSION = 1;
				GENERATE_INFOPLIST_FILE = YES;
				IPHONEOS_DEPLOYMENT_TARGET = 18.1;
				MARKETING_VERSION = 1.0;
				PRODUCT_BUNDLE_IDENTIFIER = x.QapitalStocksTests;
				PRODUCT_NAME = "$(TARGET_NAME)";
				SWIFT_EMIT_LOC_STRINGS = NO;
				SWIFT_VERSION = 5.0;
				TARGETED_DEVICE_FAMILY = "1,2";
				TEST_HOST = "$(BUILT_PRODUCTS_DIR)/QapitalStocks.app/$(BUNDLE_EXECUTABLE_FOLDER_PATH)/QapitalStocks";
			};
			name = Debug;
		};
		F6FA91012CF3A37900EAF99E /* Release */ = {
			isa = XCBuildConfiguration;
			buildSettings = {
				BUNDLE_LOADER = "$(TEST_HOST)";
				CODE_SIGN_STYLE = Automatic;
				CURRENT_PROJECT_VERSION = 1;
				GENERATE_INFOPLIST_FILE = YES;
				IPHONEOS_DEPLOYMENT_TARGET = 18.1;
				MARKETING_VERSION = 1.0;
				PRODUCT_BUNDLE_IDENTIFIER = x.QapitalStocksTests;
				PRODUCT_NAME = "$(TARGET_NAME)";
				SWIFT_EMIT_LOC_STRINGS = NO;
				SWIFT_VERSION = 5.0;
				TARGETED_DEVICE_FAMILY = "1,2";
				TEST_HOST = "$(BUILT_PRODUCTS_DIR)/QapitalStocks.app/$(BUNDLE_EXECUTABLE_FOLDER_PATH)/QapitalStocks";
			};
			name = Release;
		};
		F6FA91032CF3A37900EAF99E /* Debug */ = {
			isa = XCBuildConfiguration;
			buildSettings = {
				CODE_SIGN_STYLE = Automatic;
				CURRENT_PROJECT_VERSION = 1;
				GENERATE_INFOPLIST_FILE = YES;
				MARKETING_VERSION = 1.0;
				PRODUCT_BUNDLE_IDENTIFIER = x.QapitalStocksUITests;
				PRODUCT_NAME = "$(TARGET_NAME)";
				SWIFT_EMIT_LOC_STRINGS = NO;
				SWIFT_VERSION = 5.0;
				TARGETED_DEVICE_FAMILY = "1,2";
				TEST_TARGET_NAME = QapitalStocks;
			};
			name = Debug;
		};
		F6FA91042CF3A37900EAF99E /* Release */ = {
			isa = XCBuildConfiguration;
			buildSettings = {
				CODE_SIGN_STYLE = Automatic;
				CURRENT_PROJECT_VERSION = 1;
				GENERATE_INFOPLIST_FILE = YES;
				MARKETING_VERSION = 1.0;
				PRODUCT_BUNDLE_IDENTIFIER = x.QapitalStocksUITests;
				PRODUCT_NAME = "$(TARGET_NAME)";
				SWIFT_EMIT_LOC_STRINGS = NO;
				SWIFT_VERSION = 5.0;
				TARGETED_DEVICE_FAMILY = "1,2";
				TEST_TARGET_NAME = QapitalStocks;
			};
			name = Release;
		};
/* End XCBuildConfiguration section */

/* Begin XCConfigurationList section */
		F6FA90D32CF3A37700EAF99E /* Build configuration list for PBXProject "QapitalStocks" */ = {
			isa = XCConfigurationList;
			buildConfigurations = (
				F6FA90FA2CF3A37900EAF99E /* Debug */,
				F6FA90FB2CF3A37900EAF99E /* Release */,
			);
			defaultConfigurationIsVisible = 0;
			defaultConfigurationName = Release;
		};
		F6FA90FC2CF3A37900EAF99E /* Build configuration list for PBXNativeTarget "QapitalStocks" */ = {
			isa = XCConfigurationList;
			buildConfigurations = (
				F6FA90FD2CF3A37900EAF99E /* Debug */,
				F6FA90FE2CF3A37900EAF99E /* Release */,
			);
			defaultConfigurationIsVisible = 0;
			defaultConfigurationName = Release;
		};
		F6FA90FF2CF3A37900EAF99E /* Build configuration list for PBXNativeTarget "QapitalStocksTests" */ = {
			isa = XCConfigurationList;
			buildConfigurations = (
				F6FA91002CF3A37900EAF99E /* Debug */,
				F6FA91012CF3A37900EAF99E /* Release */,
			);
			defaultConfigurationIsVisible = 0;
			defaultConfigurationName = Release;
		};
		F6FA91022CF3A37900EAF99E /* Build configuration list for PBXNativeTarget "QapitalStocksUITests" */ = {
			isa = XCConfigurationList;
			buildConfigurations = (
				F6FA91032CF3A37900EAF99E /* Debug */,
				F6FA91042CF3A37900EAF99E /* Release */,
			);
			defaultConfigurationIsVisible = 0;
			defaultConfigurationName = Release;
		};
/* End XCConfigurationList section */
	};
	rootObject = F6FA90D02CF3A37700EAF99E /* Project object */;
}
